
Microsoft Visual Studio Solution File, Format Version 12.00
# Visual Studio Version 16
VisualStudioVersion = 16.0.31205.134
MinimumVisualStudioVersion = 10.0.40219.1
Project("{FAE04EC0-301F-11D3-BF4B-00C04F79EFBC}") = "EB", "EB.csproj", "{2031F24B-FA32-4AC1-B623-F0A80AE3A5D0}"
EndProject
Project("{FAE04EC0-301F-11D3-BF4B-00C04F79EFBC}") = "EB.Entities", "..\EB.Entities\EB.Entities.csproj", "{3E557E55-FC9C-480D-8E45-120478648E3F}"
EndProject
Project("{FAE04EC0-301F-11D3-BF4B-00C04F79EFBC}") = "ES.Data", "..\ES.Data\ES.Data.csproj", "{F7AE289C-EB8E-4BC4-8ED3-BD228FCEEF0F}"
EndProject
Global
	GlobalSection(SolutionConfigurationPlatforms) = preSolution
		Debug|Any CPU = Debug|Any CPU
		Release|Any CPU = Release|Any CPU
	EndGlobalSection
	GlobalSection(ProjectConfigurationPlatforms) = postSolution
		{2031F24B-FA32-4AC1-B623-F0A80AE3A5D0}.Debug|Any CPU.ActiveCfg = Debug|Any CPU
		{2031F24B-FA32-4AC1-B623-F0A80AE3A5D0}.Debug|Any CPU.Build.0 = Debug|Any CPU
		{2031F24B-FA32-4AC1-B623-F0A80AE3A5D0}.Release|Any CPU.ActiveCfg = Release|Any CPU
		{2031F24B-FA32-4AC1-B623-F0A80AE3A5D0}.Release|Any CPU.Build.0 = Release|Any CPU
		{3E557E55-FC9C-480D-8E45-120478648E3F}.Debug|Any CPU.ActiveCfg = Debug|Any CPU
		{3E557E55-FC9C-480D-8E45-120478648E3F}.Debug|Any CPU.Build.0 = Debug|Any CPU
		{3E557E55-FC9C-480D-8E45-120478648E3F}.Release|Any CPU.ActiveCfg = Release|Any CPU
		{3E557E55-FC9C-480D-8E45-120478648E3F}.Release|Any CPU.Build.0 = Release|Any CPU
		{F7AE289C-EB8E-4BC4-8ED3-BD228FCEEF0F}.Debug|Any CPU.ActiveCfg = Debug|Any CPU
		{F7AE289C-EB8E-4BC4-8ED3-BD228FCEEF0F}.Debug|Any CPU.Build.0 = Debug|Any CPU
		{F7AE289C-EB8E-4BC4-8ED3-BD228FCEEF0F}.Release|Any CPU.ActiveCfg = Release|Any CPU
		{F7AE289C-EB8E-4BC4-8ED3-BD228FCEEF0F}.Release|Any CPU.Build.0 = Release|Any CPU
	EndGlobalSection
	GlobalSection(SolutionProperties) = preSolution
		HideSolutionNode = FALSE
	EndGlobalSection
	GlobalSection(ExtensibilityGlobals) = postSolution
		SolutionGuid = {3BB0C469-29AF-468C-9869-FC2F9C8984DA}
	EndGlobalSection
EndGlobal
